
Microsoft Visual Studio Solution File, Format Version 12.00
# Visual Studio 15
VisualStudioVersion = 15.0.27703.2042
MinimumVisualStudioVersion = 10.0.40219.1
Project("{FAE04EC0-301F-11D3-BF4B-00C04F79EFBC}") = "ANUDING_SITE", "ANUDING_SITE\ANUDING_SITE.csproj", "{87ACAF74-FDBD-468D-B68B-D918E555DFA6}"
EndProject
Global
	GlobalSection(SolutionConfigurationPlatforms) = preSolution
		Debug|Any CPU = Debug|Any CPU
		Release|Any CPU = Release|Any CPU
	EndGlobalSection
	GlobalSection(ProjectConfigurationPlatforms) = postSolution
		{87ACAF74-FDBD-468D-B68B-D918E555DFA6}.Debug|Any CPU.ActiveCfg = Debug|Any CPU
		{87ACAF74-FDBD-468D-B68B-D918E555DFA6}.Debug|Any CPU.Build.0 = Debug|Any CPU
		{87ACAF74-FDBD-468D-B68B-D918E555DFA6}.Release|Any CPU.ActiveCfg = Release|Any CPU
		{87ACAF74-FDBD-468D-B68B-D918E555DFA6}.Release|Any CPU.Build.0 = Release|Any CPU
	EndGlobalSection
	GlobalSection(SolutionProperties) = preSolution
		HideSolutionNode = FALSE
	EndGlobalSection
	GlobalSection(ExtensibilityGlobals) = postSolution
		SolutionGuid = {D182FF3D-707D-4A67-9BBC-1CBB8A3D8493}
	EndGlobalSection
EndGlobal
